
Microsoft Visual Studio Solution File, Format Version 12.00
# Visual Studio Version 17
VisualStudioVersion = 17.13.35828.75 d17.13
MinimumVisualStudioVersion = 10.0.40219.1
Project("{FAE04EC0-301F-11D3-BF4B-00C04F79EFBC}") = "ModMuseum", "ModMuseum.csproj", "{C1739FA2-8848-4C3B-A750-4DFD9E498C4B}"
EndProject
Global
	GlobalSection(SolutionConfigurationPlatforms) = preSolution
		Debug|Any CPU = Debug|Any CPU
		Release|Any CPU = Release|Any CPU
	EndGlobalSection
	GlobalSection(ProjectConfigurationPlatforms) = postSolution
		{C1739FA2-8848-4C3B-A750-4DFD9E498C4B}.Debug|Any CPU.ActiveCfg = Debug|Any CPU
		{C1739FA2-8848-4C3B-A750-4DFD9E498C4B}.Debug|Any CPU.Build.0 = Debug|Any CPU
		{C1739FA2-8848-4C3B-A750-4DFD9E498C4B}.Release|Any CPU.ActiveCfg = Release|Any CPU
		{C1739FA2-8848-4C3B-A750-4DFD9E498C4B}.Release|Any CPU.Build.0 = Release|Any CPU
	EndGlobalSection
	GlobalSection(SolutionProperties) = preSolution
		HideSolutionNode = FALSE
	EndGlobalSection
	GlobalSection(ExtensibilityGlobals) = postSolution
		SolutionGuid = {8DBFA342-2EB6-4D37-B929-1C856E390F13}
	EndGlobalSection
EndGlobal
